// !$*UTF8*$!
{
	archiveVersion = 1;
	classes = {
	};
	objectVersion = 48;
	objects = {

/* Begin PBXBuildFile section */
		C0C40ABA1F2D67E600A8CC29 /* AppDelegate.swift in Sources */ = {isa = PBXBuildFile; fileRef = C0C40AB91F2D67E600A8CC29 /* AppDelegate.swift */; };
		C0C40ABC1F2D67E600A8CC29 /* ViewController.swift in Sources */ = {isa = PBXBuildFile; fileRef = C0C40ABB1F2D67E600A8CC29 /* ViewController.swift */; };
		C0C40ABF1F2D67E600A8CC29 /* Main.storyboard in Resources */ = {isa = PBXBuildFile; fileRef = C0C40ABD1F2D67E600A8CC29 /* Main.storyboard */; };
		C0C40AC11F2D67E600A8CC29 /* Assets.xcassets in Resources */ = {isa = PBXBuildFile; fileRef = C0C40AC01F2D67E600A8CC29 /* Assets.xcassets */; };
		C0C40AC41F2D67E600A8CC29 /* LaunchScreen.storyboard in Resources */ = {isa = PBXBuildFile; fileRef = C0C40AC21F2D67E600A8CC29 /* LaunchScreen.storyboard */; };
/* End PBXBuildFile section */

/* Begin PBXFileReference section */
		C0C40AB61F2D67E600A8CC29 /* TDDTableView.app */ = {isa = PBXFileReference; explicitFileType = wrapper.application; includeInIndex = 0; path = TDDTableView.app; sourceTree = BUILT_PRODUCTS_DIR; };
		C0C40AB91F2D67E600A8CC29 /* AppDelegate.swift */ = {isa = PBXFileReference; lastKnownFileType = sourcecode.swift; path = AppDelegate.swift; sourceTree = "<group>"; };
		C0C40ABB1F2D67E600A8CC29 /* ViewController.swift */ = {isa = PBXFileReference; lastKnownFileType = sourcecode.swift; path = ViewController.swift; sourceTree = "<group>"; };
		C0C40ABE1F2D67E600A8CC29 /* Base */ = {isa = PBXFileReference; lastKnownFileType = file.storyboard; name = Base; path = Base.lproj/Main.storyboard; sourceTree = "<group>"; };
		C0C40AC01F2D67E600A8CC29 /* Assets.xcassets */ = {isa = PBXFileReference; lastKnownFileType = folder.assetcatalog; path = Assets.xcassets; sourceTree = "<group>"; };
		C0C40AC31F2D67E600A8CC29 /* Base */ = {isa = PBXFileReference; lastKnownFileType = file.storyboard; name = Base; path = Base.lproj/LaunchScreen.storyboard; sourceTree = "<group>"; };
		C0C40AC51F2D67E600A8CC29 /* Info.plist */ = {isa = PBXFileReference; lastKnownFileType = text.plist.xml; path = Info.plist; sourceTree = "<group>"; };
/* End PBXFileReference section */

/* Begin PBXFrameworksBuildPhase section */
		C0C40AB31F2D67E600A8CC29 /* Frameworks */ = {
			isa = PBXFrameworksBuildPhase;
			buildActionMask = 2147483647;
			files = (
			);
			runOnlyForDeploymentPostprocessing = 0;
		};
/* End PBXFrameworksBuildPhase section */

/* Begin PBXGroup section */
		C0C40AAD1F2D67E600A8CC29 = {
			isa = PBXGroup;
			children = (
				C0C40AB81F2D67E600A8CC29 /* TDDTableView */,
				C0C40AB71F2D67E600A8CC29 /* Products */,
			);
			sourceTree = "<group>";
		};
		C0C40AB71F2D67E600A8CC29 /* Products */ = {
			isa = PBXGroup;
			children = (
				C0C40AB61F2D67E600A8CC29 /* TDDTableView.app */,
			);
			name = Products;
			sourceTree = "<group>";
		};
		C0C40AB81F2D67E600A8CC29 /* TDDTableView */ = {
			isa = PBXGroup;
			children = (
				C0C40AB91F2D67E600A8CC29 /* AppDelegate.swift */,
				C0C40ABB1F2D67E600A8CC29 /* ViewController.swift */,
				C0C40ABD1F2D67E600A8CC29 /* Main.storyboard */,
				C0C40AC01F2D67E600A8CC29 /* Assets.xcassets */,
				C0C40AC21F2D67E600A8CC29 /* LaunchScreen.storyboard */,
				C0C40AC51F2D67E600A8CC29 /* Info.plist */,
			);
			path = TDDTableView;
			sourceTree = "<group>";
		};
/* End PBXGroup section */

/* Begin PBXNativeTarget section */
		C0C40AB51F2D67E600A8CC29 /* TDDTableView */ = {
			isa = PBXNativeTarget;
			buildConfigurationList = C0C40AC81F2D67E600A8CC29 /* Build configuration list for PBXNativeTarget "TDDTableView" */;
			buildPhases = (
				C0C40AB21F2D67E600A8CC29 /* Sources */,
				C0C40AB31F2D67E600A8CC29 /* Frameworks */,
				C0C40AB41F2D67E600A8CC29 /* Resources */,
			);
			buildRules = (
			);
			dependencies = (
			);
			name = TDDTableView;
			productName = TDDTableView;
			productReference = C0C40AB61F2D67E600A8CC29 /* TDDTableView.app */;
			productType = "com.apple.product-type.application";
		};
/* End PBXNativeTarget section */

/* Begin PBXProject section */
		C0C40AAE1F2D67E600A8CC29 /* Project object */ = {
			isa = PBXProject;
			attributes = {
				LastSwiftUpdateCheck = 0900;
				LastUpgradeCheck = 0900;
				ORGANIZATIONNAME = Sergstaeb;
				TargetAttributes = {
					C0C40AB51F2D67E600A8CC29 = {
						CreatedOnToolsVersion = 9.0;
					};
				};
			};
			buildConfigurationList = C0C40AB11F2D67E600A8CC29 /* Build configuration list for PBXProject "TDDTableView" */;
			compatibilityVersion = "Xcode 8.0";
			developmentRegion = en;
			hasScannedForEncodings = 0;
			knownRegions = (
				en,
				Base,
			);
			mainGroup = C0C40AAD1F2D67E600A8CC29;
			productRefGroup = C0C40AB71F2D67E600A8CC29 /* Products */;
			projectDirPath = "";
			projectRoot = "";
			targets = (
				C0C40AB51F2D67E600A8CC29 /* TDDTableView */,
			);
		};
/* End PBXProject section */

/* Begin PBXResourcesBuildPhase section */
		C0C40AB41F2D67E600A8CC29 /* Resources */ = {
			isa = PBXResourcesBuildPhase;
			buildActionMask = 2147483647;
			files = (
				C0C40AC41F2D67E600A8CC29 /* LaunchScreen.storyboard in Resources */,
				C0C40AC11F2D67E600A8CC29 /* Assets.xcassets in Resources */,
				C0C40ABF1F2D67E600A8CC29 /* Main.storyboard in Resources */,
			);
			runOnlyForDeploymentPostprocessing = 0;
		};
/* End PBXResourcesBuildPhase section */

/* Begin PBXSourcesBuildPhase section */
		C0C40AB21F2D67E600A8CC29 /* Sources */ = {
			isa = PBXSourcesBuildPhase;
			buildActionMask = 2147483647;
			files = (
				C0C40ABC1F2D67E600A8CC29 /* ViewController.swift in Sources */,
				C0C40ABA1F2D67E600A8CC29 /* AppDelegate.swift in Sources */,
			);
			runOnlyForDeploymentPostprocessing = 0;
		};
/* End PBXSourcesBuildPhase section */

/* Begin PBXVariantGroup section */
		C0C40ABD1F2D67E600A8CC29 /* Main.storyboard */ = {
			isa = PBXVariantGroup;
			children = (
				C0C40ABE1F2D67E600A8CC29 /* Base */,
			);
			name = Main.storyboard;
			sourceTree = "<group>";
		};
		C0C40AC21F2D67E600A8CC29 /* LaunchScreen.storyboard */ = {
			isa = PBXVariantGroup;
			children = (
				C0C40AC31F2D67E600A8CC29 /* Base */,
			);
			name = LaunchScreen.storyboard;
			sourceTree = "<group>";
		};
/* End PBXVariantGroup section */

/* Begin XCBuildConfiguration section */
		C0C40AC61F2D67E600A8CC29 /* Debug */ = {
			isa = XCBuildConfiguration;
			buildSettings = {
				ALWAYS_SEARCH_USER_PATHS = NO;
				CLANG_ANALYZER_NONNULL = YES;
				CLANG_ANALYZER_NUMBER_OBJECT_CONVERSION = YES_AGGRESSIVE;
				CLANG_CXX_LANGUAGE_STANDARD = "gnu++14";
				CLANG_CXX_LIBRARY = "libc++";
				CLANG_ENABLE_MODULES = YES;
				CLANG_ENABLE_OBJC_ARC = YES;
				CLANG_WARN_BLOCK_CAPTURE_AUTORELEASING = YES;
				CLANG_WARN_BOOL_CONVERSION = YES;
				CLANG_WARN_COMMA = YES;
				CLANG_WARN_CONSTANT_CONVERSION = YES;
				CLANG_WARN_DIRECT_OBJC_ISA_USAGE = YES_ERROR;
				CLANG_WARN_DOCUMENTATION_COMMENTS = YES;
				CLANG_WARN_EMPTY_BODY = YES;
				CLANG_WARN_ENUM_CONVERSION = YES;
				CLANG_WARN_INFINITE_RECURSION = YES;
				CLANG_WARN_INT_CONVERSION = YES;
				CLANG_WARN_OBJC_ROOT_CLASS = YES_ERROR;
				CLANG_WARN_RANGE_LOOP_ANALYSIS = YES;
				CLANG_WARN_STRICT_PROTOTYPES = YES;
				CLANG_WARN_SUSPICIOUS_MOVE = YES;
				CLANG_WARN_UNGUARDED_AVAILABILITY = YES_AGGRESSIVE;
				CLANG_WARN_UNREACHABLE_CODE = YES;
				CLANG_WARN__DUPLICATE_METHOD_MATCH = YES;
				CODE_SIGN_IDENTITY = "iPhone Developer";
				COPY_PHASE_STRIP = NO;
				DEBUG_INFORMATION_FORMAT = dwarf;
				ENABLE_STRICT_OBJC_MSGSEND = YES;
				ENABLE_TESTABILITY = YES;
				GCC_C_LANGUAGE_STANDARD = gnu11;
				GCC_DYNAMIC_NO_PIC = NO;
				GCC_NO_COMMON_BLOCKS = YES;
				GCC_OPTIMIZATION_LEVEL = 0;
				GCC_PREPROCESSOR_DEFINITIONS = (
					"DEBUG=1",
					"$(inherited)",
				);
				GCC_WARN_64_TO_32_BIT_CONVERSION = YES;
				GCC_WARN_ABOUT_RETURN_TYPE = YES_ERROR;
				GCC_WARN_UNDECLARED_SELECTOR = YES;
				GCC_WARN_UNINITIALIZED_AUTOS = YES_AGGRESSIVE;
				GCC_WARN_UNUSED_FUNCTION = YES;
				GCC_WARN_UNUSED_VARIABLE = YES;
				IPHONEOS_DEPLOYMENT_TARGET = 11.0;
				MTL_ENABLE_DEBUG_INFO = YES;
				ONLY_ACTIVE_ARCH = YES;
				SDKROOT = iphoneos;
				SWIFT_ACTIVE_COMPILATION_CONDITIONS = DEBUG;
				SWIFT_OPTIMIZATION_LEVEL = "-Onone";
			};
			name = Debug;
		};
		C0C40AC71F2D67E600A8CC29 /* Release */ = {
			isa = XCBuildConfiguration;
			buildSettings = {
				ALWAYS_SEARCH_USER_PATHS = NO;
				CLANG_ANALYZER_NONNULL = YES;
				CLANG_ANALYZER_NUMBER_OBJECT_CONVERSION = YES_AGGRESSIVE;
				CLANG_CXX_LANGUAGE_STANDARD = "gnu++14";
				CLANG_CXX_LIBRARY = "libc++";
				CLANG_ENABLE_MODULES = YES;
				CLANG_ENABLE_OBJC_ARC = YES;
				CLANG_WARN_BLOCK_CAPTURE_AUTORELEASING = YES;
				CLANG_WARN_BOOL_CONVERSION = YES;
				CLANG_WARN_COMMA = YES;
				CLANG_WARN_CONSTANT_CONVERSION = YES;
				CLANG_WARN_DIRECT_OBJC_ISA_USAGE = YES_ERROR;
				CLANG_WARN_DOCUMENTATION_COMMENTS = YES;
				CLANG_WARN_EMPTY_BODY = YES;
				CLANG_WARN_ENUM_CONVERSION = YES;
				CLANG_WARN_INFINITE_RECURSION = YES;
				CLANG_WARN_INT_CONVERSION = YES;
				CLANG_WARN_OBJC_ROOT_CLASS = YES_ERROR;
				CLANG_WARN_RANGE_LOOP_ANALYSIS = YES;
				CLANG_WARN_STRICT_PROTOTYPES = YES;
				CLANG_WARN_SUSPICIOUS_MOVE = YES;
				CLANG_WARN_UNGUARDED_AVAILABILITY = YES_AGGRESSIVE;
				CLANG_WARN_UNREACHABLE_CODE = YES;
				CLANG_WARN__DUPLICATE_METHOD_MATCH = YES;
				CODE_SIGN_IDENTITY = "iPhone Developer";
				COPY_PHASE_STRIP = NO;
				DEBUG_INFORMATION_FORMAT = "dwarf-with-dsym";
				ENABLE_NS_ASSERTIONS = NO;
				ENABLE_STRICT_OBJC_MSGSEND = YES;
				GCC_C_LANGUAGE_STANDARD = gnu11;
				GCC_NO_COMMON_BLOCKS = YES;
				GCC_WARN_64_TO_32_BIT_CONVERSION = YES;
				GCC_WARN_ABOUT_RETURN_TYPE = YES_ERROR;
				GCC_WARN_UNDECLARED_SELECTOR = YES;
				GCC_WARN_UNINITIALIZED_AUTOS = YES_AGGRESSIVE;
				GCC_WARN_UNUSED_FUNCTION = YES;
				GCC_WARN_UNUSED_VARIABLE = YES;
				IPHONEOS_DEPLOYMENT_TARGET = 11.0;
				MTL_ENABLE_DEBUG_INFO = NO;
				SDKROOT = iphoneos;
				SWIFT_OPTIMIZATION_LEVEL = "-Owholemodule";
				VALIDATE_PRODUCT = YES;
			};
			name = Release;
		};
		C0C40AC91F2D67E600A8CC29 /* Debug */ = {
			isa = XCBuildConfiguration;
			buildSettings = {
				ASSETCATALOG_COMPILER_APPICON_NAME = AppIcon;
				DEVELOPMENT_TEAM = P42QZ5498J;
				INFOPLIST_FILE = TDDTableView/Info.plist;
				LD_RUNPATH_SEARCH_PATHS = "$(inherited) @executable_path/Frameworks";
				PRODUCT_BUNDLE_IDENTIFIER = com.sergtsaeb.TDDTableView;
				PRODUCT_NAME = "$(TARGET_NAME)";
				SWIFT_VERSION = 4.0;
				TARGETED_DEVICE_FAMILY = "1,2";
			};
			name = Debug;
		};
		C0C40ACA1F2D67E600A8CC29 /* Release */ = {
			isa = XCBuildConfiguration;
			buildSettings = {
				ASSETCATALOG_COMPILER_APPICON_NAME = AppIcon;
				DEVELOPMENT_TEAM = P42QZ5498J;
				INFOPLIST_FILE = TDDTableView/Info.plist;
				LD_RUNPATH_SEARCH_PATHS = "$(inherited) @executable_path/Frameworks";
				PRODUCT_BUNDLE_IDENTIFIER = com.sergtsaeb.TDDTableView;
				PRODUCT_NAME = "$(TARGET_NAME)";
				SWIFT_VERSION = 4.0;
				TARGETED_DEVICE_FAMILY = "1,2";
			};
			name = Release;
		};
/* End XCBuildConfiguration section */

/* Begin XCConfigurationList section */
		C0C40AB11F2D67E600A8CC29 /* Build configuration list for PBXProject "TDDTableView" */ = {
			isa = XCConfigurationList;
			buildConfigurations = (
				C0C40AC61F2D67E600A8CC29 /* Debug */,
				C0C40AC71F2D67E600A8CC29 /* Release */,
			);
			defaultConfigurationIsVisible = 0;
			defaultConfigurationName = Release;
		};
		C0C40AC81F2D67E600A8CC29 /* Build configuration list for PBXNativeTarget "TDDTableView" */ = {
			isa = XCConfigurationList;
			buildConfigurations = (
				C0C40AC91F2D67E600A8CC29 /* Debug */,
				C0C40ACA1F2D67E600A8CC29 /* Release */,
			);
			defaultConfigurationIsVisible = 0;
		};
/* End XCConfigurationList section */
	};
	rootObject = C0C40AAE1F2D67E600A8CC29 /* Project object */;
}
